
Microsoft Visual Studio Solution File, Format Version 12.00
# Visual Studio Version 16
VisualStudioVersion = 16.0.29920.165
MinimumVisualStudioVersion = 10.0.40219.1
Project("{9A19103F-16F7-4668-BE54-9A1E7A4F7556}") = "QuantityMeasurementBackendProject", "QuantityMeasurementBackendProject\QuantityMeasurementBackendProject.csproj", "{C307CC30-3569-454A-8953-A8D4C48FF4DB}"
EndProject
Project("{9A19103F-16F7-4668-BE54-9A1E7A4F7556}") = "Model", "Model\Model.csproj", "{71931DE8-50E2-445E-B08D-7F5C15A8A14C}"
EndProject
Project("{FAE04EC0-301F-11D3-BF4B-00C04F79EFBC}") = "Repository", "Repository\Repository.csproj", "{32AFAB92-DF52-42E2-951E-2DAF3C8B62DA}"
EndProject
Project("{FAE04EC0-301F-11D3-BF4B-00C04F79EFBC}") = "Manager", "Manager\Manager.csproj", "{823F6484-C7E8-4CBA-868F-FA6C66D5FFE1}"
EndProject
Global
	GlobalSection(SolutionConfigurationPlatforms) = preSolution
		Debug|Any CPU = Debug|Any CPU
		Release|Any CPU = Release|Any CPU
	EndGlobalSection
	GlobalSection(ProjectConfigurationPlatforms) = postSolution
		{C307CC30-3569-454A-8953-A8D4C48FF4DB}.Debug|Any CPU.ActiveCfg = Debug|Any CPU
		{C307CC30-3569-454A-8953-A8D4C48FF4DB}.Debug|Any CPU.Build.0 = Debug|Any CPU
		{C307CC30-3569-454A-8953-A8D4C48FF4DB}.Release|Any CPU.ActiveCfg = Release|Any CPU
		{C307CC30-3569-454A-8953-A8D4C48FF4DB}.Release|Any CPU.Build.0 = Release|Any CPU
		{71931DE8-50E2-445E-B08D-7F5C15A8A14C}.Debug|Any CPU.ActiveCfg = Debug|Any CPU
		{71931DE8-50E2-445E-B08D-7F5C15A8A14C}.Debug|Any CPU.Build.0 = Debug|Any CPU
		{71931DE8-50E2-445E-B08D-7F5C15A8A14C}.Release|Any CPU.ActiveCfg = Release|Any CPU
		{71931DE8-50E2-445E-B08D-7F5C15A8A14C}.Release|Any CPU.Build.0 = Release|Any CPU
		{32AFAB92-DF52-42E2-951E-2DAF3C8B62DA}.Debug|Any CPU.ActiveCfg = Debug|Any CPU
		{32AFAB92-DF52-42E2-951E-2DAF3C8B62DA}.Debug|Any CPU.Build.0 = Debug|Any CPU
		{32AFAB92-DF52-42E2-951E-2DAF3C8B62DA}.Release|Any CPU.ActiveCfg = Release|Any CPU
		{32AFAB92-DF52-42E2-951E-2DAF3C8B62DA}.Release|Any CPU.Build.0 = Release|Any CPU
		{823F6484-C7E8-4CBA-868F-FA6C66D5FFE1}.Debug|Any CPU.ActiveCfg = Debug|Any CPU
		{823F6484-C7E8-4CBA-868F-FA6C66D5FFE1}.Debug|Any CPU.Build.0 = Debug|Any CPU
		{823F6484-C7E8-4CBA-868F-FA6C66D5FFE1}.Release|Any CPU.ActiveCfg = Release|Any CPU
		{823F6484-C7E8-4CBA-868F-FA6C66D5FFE1}.Release|Any CPU.Build.0 = Release|Any CPU
	EndGlobalSection
	GlobalSection(SolutionProperties) = preSolution
		HideSolutionNode = FALSE
	EndGlobalSection
	GlobalSection(ExtensibilityGlobals) = postSolution
		SolutionGuid = {D68DF572-955C-407B-B4C5-204E989B35A6}
	EndGlobalSection
EndGlobal
